
Microsoft Visual Studio Solution File, Format Version 12.00
# Visual Studio Version 17
VisualStudioVersion = 17.13.35825.156 d17.13
MinimumVisualStudioVersion = 10.0.40219.1
Project("{FAE04EC0-301F-11D3-BF4B-00C04F79EFBC}") = "LowOnLegs", "LowOnLegs\LowOnLegs.csproj", "{30826E61-6065-4E0B-8F06-5AE2067D566B}"
EndProject
Global
	GlobalSection(SolutionConfigurationPlatforms) = preSolution
		Debug|Any CPU = Debug|Any CPU
		Release|Any CPU = Release|Any CPU
	EndGlobalSection
	GlobalSection(ProjectConfigurationPlatforms) = postSolution
		{30826E61-6065-4E0B-8F06-5AE2067D566B}.Debug|Any CPU.ActiveCfg = Debug|Any CPU
		{30826E61-6065-4E0B-8F06-5AE2067D566B}.Debug|Any CPU.Build.0 = Debug|Any CPU
		{30826E61-6065-4E0B-8F06-5AE2067D566B}.Release|Any CPU.ActiveCfg = Release|Any CPU
		{30826E61-6065-4E0B-8F06-5AE2067D566B}.Release|Any CPU.Build.0 = Release|Any CPU
	EndGlobalSection
	GlobalSection(SolutionProperties) = preSolution
		HideSolutionNode = FALSE
	EndGlobalSection
	GlobalSection(ExtensibilityGlobals) = postSolution
		SolutionGuid = {C4B38800-409E-473E-8EBC-03CB58C35750}
	EndGlobalSection
EndGlobal
